{
  "name": "html2wxml4js",
  "version": "1.0.0",
  "lockfileVersion": 1,
  "requires": true,
  "dependencies": {
    "highlight.js": {
      "version": "10.5.0",
      "resolved": "https://registry.npm.taobao.org/highlight.js/download/highlight.js-10.5.0.tgz",
      "integrity": "sha1-Pwn+3mqGV1c3jy2evcvBW6Jo+Y8="
    },
    "html-entities": {
      "version": "2.0.2",
      "resolved": "https://registry.npm.taobao.org/html-entities/download/html-entities-2.0.2.tgz?cache=0&sync_timestamp=1609232359852&other_urls=https%3A%2F%2Fregistry.npm.taobao.org%2Fhtml-entities%2Fdownload%2Fhtml-entities-2.0.2.tgz",
      "integrity": "sha1-PgzaI4dRWy3GqUcWP9Ufa0jYAYY="
    }
  }
}
